// !$*UTF8*$!
{
	archiveVersion = 1;
	classes = {
	};
	objectVersion = 50;
	objects = {

/* Begin PBXBuildFile section */
		82AFA8BF2578E0E9005E870B /* AppDelegate.m in Sources */ = {isa = PBXBuildFile; fileRef = 82AFA8BE2578E0E9005E870B /* AppDelegate.m */; };
		82AFA8C82578E0E9005E870B /* Main.storyboard in Resources */ = {isa = PBXBuildFile; fileRef = 82AFA8C62578E0E9005E870B /* Main.storyboard */; };
		82AFA8CA2578E0EB005E870B /* Assets.xcassets in Resources */ = {isa = PBXBuildFile; fileRef = 82AFA8C92578E0EB005E870B /* Assets.xcassets */; };
		82AFA8D02578E0EB005E870B /* main.m in Sources */ = {isa = PBXBuildFile; fileRef = 82AFA8CF2578E0EB005E870B /* main.m */; };
		82AFA8FF2578EA9F005E870B /* LaunchScreen.storyboard in Resources */ = {isa = PBXBuildFile; fileRef = 82AFA8FE2578EA9F005E870B /* LaunchScreen.storyboard */; };
		82AFA9172578EB2A005E870B /* TTViewController.m in Sources */ = {isa = PBXBuildFile; fileRef = 82AFA9132578EB2A005E870B /* TTViewController.m */; };
		82AFA9182578EB2A005E870B /* ViewController.m in Sources */ = {isa = PBXBuildFile; fileRef = 82AFA9142578EB2A005E870B /* ViewController.m */; };
		82AFA95F2579E3FE005E870B /* TTTagView.m in Sources */ = {isa = PBXBuildFile; fileRef = 82AFA9542579E3FE005E870B /* TTTagView.m */; };
		82AFA9602579E3FE005E870B /* TTGroupTagView.m in Sources */ = {isa = PBXBuildFile; fileRef = 82AFA9572579E3FE005E870B /* TTGroupTagView.m */; };
		82AFA9612579E3FE005E870B /* TTButton.m in Sources */ = {isa = PBXBuildFile; fileRef = 82AFA9582579E3FE005E870B /* TTButton.m */; };
		82AFA9622579E3FE005E870B /* TTTextField.m in Sources */ = {isa = PBXBuildFile; fileRef = 82AFA95B2579E3FE005E870B /* TTTextField.m */; };
		82AFA9632579E3FE005E870B /* UIView+TTFrame.m in Sources */ = {isa = PBXBuildFile; fileRef = 82AFA95C2579E3FE005E870B /* UIView+TTFrame.m */; };
/* End PBXBuildFile section */

/* Begin PBXContainerItemProxy section */
		82AFA8D62578E0EB005E870B /* PBXContainerItemProxy */ = {
			isa = PBXContainerItemProxy;
			containerPortal = 82AFA8B22578E0E9005E870B /* Project object */;
			proxyType = 1;
			remoteGlobalIDString = 82AFA8B92578E0E9005E870B;
			remoteInfo = TTTagsDemo;
		};
		82AFA8E12578E0EB005E870B /* PBXContainerItemProxy */ = {
			isa = PBXContainerItemProxy;
			containerPortal = 82AFA8B22578E0E9005E870B /* Project object */;
			proxyType = 1;
			remoteGlobalIDString = 82AFA8B92578E0E9005E870B;
			remoteInfo = TTTagsDemo;
		};
/* End PBXContainerItemProxy section */

/* Begin PBXFileReference section */
		82AFA8BA2578E0E9005E870B /* TTTagsDemo.app */ = {isa = PBXFileReference; explicitFileType = wrapper.application; includeInIndex = 0; path = TTTagsDemo.app; sourceTree = BUILT_PRODUCTS_DIR; };
		82AFA8BD2578E0E9005E870B /* AppDelegate.h */ = {isa = PBXFileReference; lastKnownFileType = sourcecode.c.h; path = AppDelegate.h; sourceTree = "<group>"; };
		82AFA8BE2578E0E9005E870B /* AppDelegate.m */ = {isa = PBXFileReference; lastKnownFileType = sourcecode.c.objc; path = AppDelegate.m; sourceTree = "<group>"; };
		82AFA8C72578E0E9005E870B /* Base */ = {isa = PBXFileReference; lastKnownFileType = file.storyboard; name = Base; path = Base.lproj/Main.storyboard; sourceTree = "<group>"; };
		82AFA8C92578E0EB005E870B /* Assets.xcassets */ = {isa = PBXFileReference; lastKnownFileType = folder.assetcatalog; path = Assets.xcassets; sourceTree = "<group>"; };
		82AFA8CE2578E0EB005E870B /* Info.plist */ = {isa = PBXFileReference; lastKnownFileType = text.plist.xml; path = Info.plist; sourceTree = "<group>"; };
		82AFA8CF2578E0EB005E870B /* main.m */ = {isa = PBXFileReference; lastKnownFileType = sourcecode.c.objc; path = main.m; sourceTree = "<group>"; };
		82AFA8D52578E0EB005E870B /* TTTagsDemoTests.xctest */ = {isa = PBXFileReference; explicitFileType = wrapper.cfbundle; includeInIndex = 0; path = TTTagsDemoTests.xctest; sourceTree = BUILT_PRODUCTS_DIR; };
		82AFA8E02578E0EB005E870B /* TTTagsDemoUITests.xctest */ = {isa = PBXFileReference; explicitFileType = wrapper.cfbundle; includeInIndex = 0; path = TTTagsDemoUITests.xctest; sourceTree = BUILT_PRODUCTS_DIR; };
		82AFA8FE2578EA9F005E870B /* LaunchScreen.storyboard */ = {isa = PBXFileReference; fileEncoding = 4; lastKnownFileType = file.storyboard; path = LaunchScreen.storyboard; sourceTree = "<group>"; };
		82AFA9122578EB2A005E870B /* ViewController.h */ = {isa = PBXFileReference; fileEncoding = 4; lastKnownFileType = sourcecode.c.h; path = ViewController.h; sourceTree = "<group>"; };
		82AFA9132578EB2A005E870B /* TTViewController.m */ = {isa = PBXFileReference; fileEncoding = 4; lastKnownFileType = sourcecode.c.objc; path = TTViewController.m; sourceTree = "<group>"; };
		82AFA9142578EB2A005E870B /* ViewController.m */ = {isa = PBXFileReference; fileEncoding = 4; lastKnownFileType = sourcecode.c.objc; path = ViewController.m; sourceTree = "<group>"; };
		82AFA9152578EB2A005E870B /* TTViewController.h */ = {isa = PBXFileReference; fileEncoding = 4; lastKnownFileType = sourcecode.c.h; path = TTViewController.h; sourceTree = "<group>"; };
		82AFA9542579E3FE005E870B /* TTTagView.m */ = {isa = PBXFileReference; fileEncoding = 4; lastKnownFileType = sourcecode.c.objc; path = TTTagView.m; sourceTree = "<group>"; };
		82AFA9552579E3FE005E870B /* TTTextField.h */ = {isa = PBXFileReference; fileEncoding = 4; lastKnownFileType = sourcecode.c.h; path = TTTextField.h; sourceTree = "<group>"; };
		82AFA9562579E3FE005E870B /* UIView+TTFrame.h */ = {isa = PBXFileReference; fileEncoding = 4; lastKnownFileType = sourcecode.c.h; path = "UIView+TTFrame.h"; sourceTree = "<group>"; };
		82AFA9572579E3FE005E870B /* TTGroupTagView.m */ = {isa = PBXFileReference; fileEncoding = 4; lastKnownFileType = sourcecode.c.objc; path = TTGroupTagView.m; sourceTree = "<group>"; };
		82AFA9582579E3FE005E870B /* TTButton.m */ = {isa = PBXFileReference; fileEncoding = 4; lastKnownFileType = sourcecode.c.objc; path = TTButton.m; sourceTree = "<group>"; };
		82AFA9592579E3FE005E870B /* TTTagView.h */ = {isa = PBXFileReference; fileEncoding = 4; lastKnownFileType = sourcecode.c.h; path = TTTagView.h; sourceTree = "<group>"; };
		82AFA95A2579E3FE005E870B /* TTTagHeader.h */ = {isa = PBXFileReference; fileEncoding = 4; lastKnownFileType = sourcecode.c.h; path = TTTagHeader.h; sourceTree = "<group>"; };
		82AFA95B2579E3FE005E870B /* TTTextField.m */ = {isa = PBXFileReference; fileEncoding = 4; lastKnownFileType = sourcecode.c.objc; path = TTTextField.m; sourceTree = "<group>"; };
		82AFA95C2579E3FE005E870B /* UIView+TTFrame.m */ = {isa = PBXFileReference; fileEncoding = 4; lastKnownFileType = sourcecode.c.objc; path = "UIView+TTFrame.m"; sourceTree = "<group>"; };
		82AFA95D2579E3FE005E870B /* TTButton.h */ = {isa = PBXFileReference; fileEncoding = 4; lastKnownFileType = sourcecode.c.h; path = TTButton.h; sourceTree = "<group>"; };
		82AFA95E2579E3FE005E870B /* TTGroupTagView.h */ = {isa = PBXFileReference; fileEncoding = 4; lastKnownFileType = sourcecode.c.h; path = TTGroupTagView.h; sourceTree = "<group>"; };
/* End PBXFileReference section */

/* Begin PBXFrameworksBuildPhase section */
		82AFA8B72578E0E9005E870B /* Frameworks */ = {
			isa = PBXFrameworksBuildPhase;
			buildActionMask = 2147483647;
			files = (
			);
			runOnlyForDeploymentPostprocessing = 0;
		};
		82AFA8D22578E0EB005E870B /* Frameworks */ = {
			isa = PBXFrameworksBuildPhase;
			buildActionMask = 2147483647;
			files = (
			);
			runOnlyForDeploymentPostprocessing = 0;
		};
		82AFA8DD2578E0EB005E870B /* Frameworks */ = {
			isa = PBXFrameworksBuildPhase;
			buildActionMask = 2147483647;
			files = (
			);
			runOnlyForDeploymentPostprocessing = 0;
		};
/* End PBXFrameworksBuildPhase section */

/* Begin PBXGroup section */
		82AFA8B12578E0E9005E870B = {
			isa = PBXGroup;
			children = (
				82AFA8BC2578E0E9005E870B /* TTTagsDemo */,
				82AFA8BB2578E0E9005E870B /* Products */,
			);
			sourceTree = "<group>";
		};
		82AFA8BB2578E0E9005E870B /* Products */ = {
			isa = PBXGroup;
			children = (
				82AFA8BA2578E0E9005E870B /* TTTagsDemo.app */,
				82AFA8D52578E0EB005E870B /* TTTagsDemoTests.xctest */,
				82AFA8E02578E0EB005E870B /* TTTagsDemoUITests.xctest */,
			);
			name = Products;
			sourceTree = "<group>";
		};
		82AFA8BC2578E0E9005E870B /* TTTagsDemo */ = {
			isa = PBXGroup;
			children = (
				82AFA9532579E3FE005E870B /* TTTagView */,
				82AFA8BD2578E0E9005E870B /* AppDelegate.h */,
				82AFA8BE2578E0E9005E870B /* AppDelegate.m */,
				82AFA8C62578E0E9005E870B /* Main.storyboard */,
				82AFA8C92578E0EB005E870B /* Assets.xcassets */,
				82AFA8FE2578EA9F005E870B /* LaunchScreen.storyboard */,
				82AFA8CE2578E0EB005E870B /* Info.plist */,
				82AFA8CF2578E0EB005E870B /* main.m */,
				82AFA9152578EB2A005E870B /* TTViewController.h */,
				82AFA9132578EB2A005E870B /* TTViewController.m */,
				82AFA9122578EB2A005E870B /* ViewController.h */,
				82AFA9142578EB2A005E870B /* ViewController.m */,
			);
			path = TTTagsDemo;
			sourceTree = "<group>";
		};
		82AFA9532579E3FE005E870B /* TTTagView */ = {
			isa = PBXGroup;
			children = (
				82AFA95A2579E3FE005E870B /* TTTagHeader.h */,
				82AFA95D2579E3FE005E870B /* TTButton.h */,
				82AFA9582579E3FE005E870B /* TTButton.m */,
				82AFA9552579E3FE005E870B /* TTTextField.h */,
				82AFA95B2579E3FE005E870B /* TTTextField.m */,
				82AFA9592579E3FE005E870B /* TTTagView.h */,
				82AFA9542579E3FE005E870B /* TTTagView.m */,
				82AFA95E2579E3FE005E870B /* TTGroupTagView.h */,
				82AFA9572579E3FE005E870B /* TTGroupTagView.m */,
				82AFA9562579E3FE005E870B /* UIView+TTFrame.h */,
				82AFA95C2579E3FE005E870B /* UIView+TTFrame.m */,
			);
			name = TTTagView;
			path = ../../TTTagView;
			sourceTree = "<group>";
		};
/* End PBXGroup section */

/* Begin PBXNativeTarget section */
		82AFA8B92578E0E9005E870B /* TTTagsDemo */ = {
			isa = PBXNativeTarget;
			buildConfigurationList = 82AFA8E92578E0EB005E870B /* Build configuration list for PBXNativeTarget "TTTagsDemo" */;
			buildPhases = (
				82AFA8B62578E0E9005E870B /* Sources */,
				82AFA8B72578E0E9005E870B /* Frameworks */,
				82AFA8B82578E0E9005E870B /* Resources */,
			);
			buildRules = (
			);
			dependencies = (
			);
			name = TTTagsDemo;
			productName = TTTagsDemo;
			productReference = 82AFA8BA2578E0E9005E870B /* TTTagsDemo.app */;
			productType = "com.apple.product-type.application";
		};
		82AFA8D42578E0EB005E870B /* TTTagsDemoTests */ = {
			isa = PBXNativeTarget;
			buildConfigurationList = 82AFA8EC2578E0EB005E870B /* Build configuration list for PBXNativeTarget "TTTagsDemoTests" */;
			buildPhases = (
				82AFA8D12578E0EB005E870B /* Sources */,
				82AFA8D22578E0EB005E870B /* Frameworks */,
				82AFA8D32578E0EB005E870B /* Resources */,
			);
			buildRules = (
			);
			dependencies = (
				82AFA8D72578E0EB005E870B /* PBXTargetDependency */,
			);
			name = TTTagsDemoTests;
			productName = TTTagsDemoTests;
			productReference = 82AFA8D52578E0EB005E870B /* TTTagsDemoTests.xctest */;
			productType = "com.apple.product-type.bundle.unit-test";
		};
		82AFA8DF2578E0EB005E870B /* TTTagsDemoUITests */ = {
			isa = PBXNativeTarget;
			buildConfigurationList = 82AFA8EF2578E0EB005E870B /* Build configuration list for PBXNativeTarget "TTTagsDemoUITests" */;
			buildPhases = (
				82AFA8DC2578E0EB005E870B /* Sources */,
				82AFA8DD2578E0EB005E870B /* Frameworks */,
				82AFA8DE2578E0EB005E870B /* Resources */,
			);
			buildRules = (
			);
			dependencies = (
				82AFA8E22578E0EB005E870B /* PBXTargetDependency */,
			);
			name = TTTagsDemoUITests;
			productName = TTTagsDemoUITests;
			productReference = 82AFA8E02578E0EB005E870B /* TTTagsDemoUITests.xctest */;
			productType = "com.apple.product-type.bundle.ui-testing";
		};
/* End PBXNativeTarget section */

/* Begin PBXProject section */
		82AFA8B22578E0E9005E870B /* Project object */ = {
			isa = PBXProject;
			attributes = {
				LastUpgradeCheck = 1210;
				TargetAttributes = {
					82AFA8B92578E0E9005E870B = {
						CreatedOnToolsVersion = 12.1;
					};
					82AFA8D42578E0EB005E870B = {
						CreatedOnToolsVersion = 12.1;
						TestTargetID = 82AFA8B92578E0E9005E870B;
					};
					82AFA8DF2578E0EB005E870B = {
						CreatedOnToolsVersion = 12.1;
						TestTargetID = 82AFA8B92578E0E9005E870B;
					};
				};
			};
			buildConfigurationList = 82AFA8B52578E0E9005E870B /* Build configuration list for PBXProject "TTTagsDemo" */;
			compatibilityVersion = "Xcode 9.3";
			developmentRegion = en;
			hasScannedForEncodings = 0;
			knownRegions = (
				en,
				Base,
			);
			mainGroup = 82AFA8B12578E0E9005E870B;
			productRefGroup = 82AFA8BB2578E0E9005E870B /* Products */;
			projectDirPath = "";
			projectRoot = "";
			targets = (
				82AFA8B92578E0E9005E870B /* TTTagsDemo */,
				82AFA8D42578E0EB005E870B /* TTTagsDemoTests */,
				82AFA8DF2578E0EB005E870B /* TTTagsDemoUITests */,
			);
		};
/* End PBXProject section */

/* Begin PBXResourcesBuildPhase section */
		82AFA8B82578E0E9005E870B /* Resources */ = {
			isa = PBXResourcesBuildPhase;
			buildActionMask = 2147483647;
			files = (
				82AFA8FF2578EA9F005E870B /* LaunchScreen.storyboard in Resources */,
				82AFA8CA2578E0EB005E870B /* Assets.xcassets in Resources */,
				82AFA8C82578E0E9005E870B /* Main.storyboard in Resources */,
			);
			runOnlyForDeploymentPostprocessing = 0;
		};
		82AFA8D32578E0EB005E870B /* Resources */ = {
			isa = PBXResourcesBuildPhase;
			buildActionMask = 2147483647;
			files = (
			);
			runOnlyForDeploymentPostprocessing = 0;
		};
		82AFA8DE2578E0EB005E870B /* Resources */ = {
			isa = PBXResourcesBuildPhase;
			buildActionMask = 2147483647;
			files = (
			);
			runOnlyForDeploymentPostprocessing = 0;
		};
/* End PBXResourcesBuildPhase section */

/* Begin PBXSourcesBuildPhase section */
		82AFA8B62578E0E9005E870B /* Sources */ = {
			isa = PBXSourcesBuildPhase;
			buildActionMask = 2147483647;
			files = (
				82AFA9172578EB2A005E870B /* TTViewController.m in Sources */,
				82AFA9622579E3FE005E870B /* TTTextField.m in Sources */,
				82AFA8BF2578E0E9005E870B /* AppDelegate.m in Sources */,
				82AFA9612579E3FE005E870B /* TTButton.m in Sources */,
				82AFA95F2579E3FE005E870B /* TTTagView.m in Sources */,
				82AFA9632579E3FE005E870B /* UIView+TTFrame.m in Sources */,
				82AFA9182578EB2A005E870B /* ViewController.m in Sources */,
				82AFA8D02578E0EB005E870B /* main.m in Sources */,
				82AFA9602579E3FE005E870B /* TTGroupTagView.m in Sources */,
			);
			runOnlyForDeploymentPostprocessing = 0;
		};
		82AFA8D12578E0EB005E870B /* Sources */ = {
			isa = PBXSourcesBuildPhase;
			buildActionMask = 2147483647;
			files = (
			);
			runOnlyForDeploymentPostprocessing = 0;
		};
		82AFA8DC2578E0EB005E870B /* Sources */ = {
			isa = PBXSourcesBuildPhase;
			buildActionMask = 2147483647;
			files = (
			);
			runOnlyForDeploymentPostprocessing = 0;
		};
/* End PBXSourcesBuildPhase section */

/* Begin PBXTargetDependency section */
		82AFA8D72578E0EB005E870B /* PBXTargetDependency */ = {
			isa = PBXTargetDependency;
			target = 82AFA8B92578E0E9005E870B /* TTTagsDemo */;
			targetProxy = 82AFA8D62578E0EB005E870B /* PBXContainerItemProxy */;
		};
		82AFA8E22578E0EB005E870B /* PBXTargetDependency */ = {
			isa = PBXTargetDependency;
			target = 82AFA8B92578E0E9005E870B /* TTTagsDemo */;
			targetProxy = 82AFA8E12578E0EB005E870B /* PBXContainerItemProxy */;
		};
/* End PBXTargetDependency section */

/* Begin PBXVariantGroup section */
		82AFA8C62578E0E9005E870B /* Main.storyboard */ = {
			isa = PBXVariantGroup;
			children = (
				82AFA8C72578E0E9005E870B /* Base */,
			);
			name = Main.storyboard;
			sourceTree = "<group>";
		};
/* End PBXVariantGroup section */

/* Begin XCBuildConfiguration section */
		82AFA8E72578E0EB005E870B /* Debug */ = {
			isa = XCBuildConfiguration;
			buildSettings = {
				ALWAYS_SEARCH_USER_PATHS = NO;
				CLANG_ANALYZER_NONNULL = YES;
				CLANG_ANALYZER_NUMBER_OBJECT_CONVERSION = YES_AGGRESSIVE;
				CLANG_CXX_LANGUAGE_STANDARD = "gnu++14";
				CLANG_CXX_LIBRARY = "libc++";
				CLANG_ENABLE_MODULES = YES;
				CLANG_ENABLE_OBJC_ARC = YES;
				CLANG_ENABLE_OBJC_WEAK = YES;
				CLANG_WARN_BLOCK_CAPTURE_AUTORELEASING = YES;
				CLANG_WARN_BOOL_CONVERSION = YES;
				CLANG_WARN_COMMA = YES;
				CLANG_WARN_CONSTANT_CONVERSION = YES;
				CLANG_WARN_DEPRECATED_OBJC_IMPLEMENTATIONS = YES;
				CLANG_WARN_DIRECT_OBJC_ISA_USAGE = YES_ERROR;
				CLANG_WARN_DOCUMENTATION_COMMENTS = YES;
				CLANG_WARN_EMPTY_BODY = YES;
				CLANG_WARN_ENUM_CONVERSION = YES;
				CLANG_WARN_INFINITE_RECURSION = YES;
				CLANG_WARN_INT_CONVERSION = YES;
				CLANG_WARN_NON_LITERAL_NULL_CONVERSION = YES;
				CLANG_WARN_OBJC_IMPLICIT_RETAIN_SELF = YES;
				CLANG_WARN_OBJC_LITERAL_CONVERSION = YES;
				CLANG_WARN_OBJC_ROOT_CLASS = YES_ERROR;
				CLANG_WARN_QUOTED_INCLUDE_IN_FRAMEWORK_HEADER = YES;
				CLANG_WARN_RANGE_LOOP_ANALYSIS = YES;
				CLANG_WARN_STRICT_PROTOTYPES = YES;
				CLANG_WARN_SUSPICIOUS_MOVE = YES;
				CLANG_WARN_UNGUARDED_AVAILABILITY = YES_AGGRESSIVE;
				CLANG_WARN_UNREACHABLE_CODE = YES;
				CLANG_WARN__DUPLICATE_METHOD_MATCH = YES;
				COPY_PHASE_STRIP = NO;
				DEBUG_INFORMATION_FORMAT = dwarf;
				ENABLE_STRICT_OBJC_MSGSEND = YES;
				ENABLE_TESTABILITY = YES;
				GCC_C_LANGUAGE_STANDARD = gnu11;
				GCC_DYNAMIC_NO_PIC = NO;
				GCC_NO_COMMON_BLOCKS = YES;
				GCC_OPTIMIZATION_LEVEL = 0;
				GCC_PREPROCESSOR_DEFINITIONS = (
					"DEBUG=1",
					"$(inherited)",
				);
				GCC_WARN_64_TO_32_BIT_CONVERSION = YES;
				GCC_WARN_ABOUT_RETURN_TYPE = YES_ERROR;
				GCC_WARN_UNDECLARED_SELECTOR = YES;
				GCC_WARN_UNINITIALIZED_AUTOS = YES_AGGRESSIVE;
				GCC_WARN_UNUSED_FUNCTION = YES;
				GCC_WARN_UNUSED_VARIABLE = YES;
				IPHONEOS_DEPLOYMENT_TARGET = 14.1;
				MTL_ENABLE_DEBUG_INFO = INCLUDE_SOURCE;
				MTL_FAST_MATH = YES;
				ONLY_ACTIVE_ARCH = YES;
				SDKROOT = iphoneos;
			};
			name = Debug;
		};
		82AFA8E82578E0EB005E870B /* Release */ = {
			isa = XCBuildConfiguration;
			buildSettings = {
				ALWAYS_SEARCH_USER_PATHS = NO;
				CLANG_ANALYZER_NONNULL = YES;
				CLANG_ANALYZER_NUMBER_OBJECT_CONVERSION = YES_AGGRESSIVE;
				CLANG_CXX_LANGUAGE_STANDARD = "gnu++14";
				CLANG_CXX_LIBRARY = "libc++";
				CLANG_ENABLE_MODULES = YES;
				CLANG_ENABLE_OBJC_ARC = YES;
				CLANG_ENABLE_OBJC_WEAK = YES;
				CLANG_WARN_BLOCK_CAPTURE_AUTORELEASING = YES;
				CLANG_WARN_BOOL_CONVERSION = YES;
				CLANG_WARN_COMMA = YES;
				CLANG_WARN_CONSTANT_CONVERSION = YES;
				CLANG_WARN_DEPRECATED_OBJC_IMPLEMENTATIONS = YES;
				CLANG_WARN_DIRECT_OBJC_ISA_USAGE = YES_ERROR;
				CLANG_WARN_DOCUMENTATION_COMMENTS = YES;
				CLANG_WARN_EMPTY_BODY = YES;
				CLANG_WARN_ENUM_CONVERSION = YES;
				CLANG_WARN_INFINITE_RECURSION = YES;
				CLANG_WARN_INT_CONVERSION = YES;
				CLANG_WARN_NON_LITERAL_NULL_CONVERSION = YES;
				CLANG_WARN_OBJC_IMPLICIT_RETAIN_SELF = YES;
				CLANG_WARN_OBJC_LITERAL_CONVERSION = YES;
				CLANG_WARN_OBJC_ROOT_CLASS = YES_ERROR;
				CLANG_WARN_QUOTED_INCLUDE_IN_FRAMEWORK_HEADER = YES;
				CLANG_WARN_RANGE_LOOP_ANALYSIS = YES;
				CLANG_WARN_STRICT_PROTOTYPES = YES;
				CLANG_WARN_SUSPICIOUS_MOVE = YES;
				CLANG_WARN_UNGUARDED_AVAILABILITY = YES_AGGRESSIVE;
				CLANG_WARN_UNREACHABLE_CODE = YES;
				CLANG_WARN__DUPLICATE_METHOD_MATCH = YES;
				COPY_PHASE_STRIP = NO;
				DEBUG_INFORMATION_FORMAT = "dwarf-with-dsym";
				ENABLE_NS_ASSERTIONS = NO;
				ENABLE_STRICT_OBJC_MSGSEND = YES;
				GCC_C_LANGUAGE_STANDARD = gnu11;
				GCC_NO_COMMON_BLOCKS = YES;
				GCC_WARN_64_TO_32_BIT_CONVERSION = YES;
				GCC_WARN_ABOUT_RETURN_TYPE = YES_ERROR;
				GCC_WARN_UNDECLARED_SELECTOR = YES;
				GCC_WARN_UNINITIALIZED_AUTOS = YES_AGGRESSIVE;
				GCC_WARN_UNUSED_FUNCTION = YES;
				GCC_WARN_UNUSED_VARIABLE = YES;
				IPHONEOS_DEPLOYMENT_TARGET = 14.1;
				MTL_ENABLE_DEBUG_INFO = NO;
				MTL_FAST_MATH = YES;
				SDKROOT = iphoneos;
				VALIDATE_PRODUCT = YES;
			};
			name = Release;
		};
		82AFA8EA2578E0EB005E870B /* Debug */ = {
			isa = XCBuildConfiguration;
			buildSettings = {
				ASSETCATALOG_COMPILER_APPICON_NAME = AppIcon;
				ASSETCATALOG_COMPILER_GLOBAL_ACCENT_COLOR_NAME = AccentColor;
				CODE_SIGN_IDENTITY = "Apple Development";
				CODE_SIGN_STYLE = Automatic;
				DEVELOPMENT_TEAM = 472P9J8R6U;
				INFOPLIST_FILE = TTTagsDemo/Info.plist;
				IPHONEOS_DEPLOYMENT_TARGET = 9.0;
				LD_RUNPATH_SEARCH_PATHS = (
					"$(inherited)",
					"@executable_path/Frameworks",
				);
				PRODUCT_BUNDLE_IDENTIFIER = com.cn.DFC;
				PRODUCT_NAME = "$(TARGET_NAME)";
				PROVISIONING_PROFILE_SPECIFIER = "";
				TARGETED_DEVICE_FAMILY = 1;
			};
			name = Debug;
		};
		82AFA8EB2578E0EB005E870B /* Release */ = {
			isa = XCBuildConfiguration;
			buildSettings = {
				ASSETCATALOG_COMPILER_APPICON_NAME = AppIcon;
				ASSETCATALOG_COMPILER_GLOBAL_ACCENT_COLOR_NAME = AccentColor;
				CODE_SIGN_IDENTITY = "Apple Development";
				CODE_SIGN_STYLE = Automatic;
				DEVELOPMENT_TEAM = 472P9J8R6U;
				INFOPLIST_FILE = TTTagsDemo/Info.plist;
				IPHONEOS_DEPLOYMENT_TARGET = 9.0;
				LD_RUNPATH_SEARCH_PATHS = (
					"$(inherited)",
					"@executable_path/Frameworks",
				);
				PRODUCT_BUNDLE_IDENTIFIER = com.cn.DFC;
				PRODUCT_NAME = "$(TARGET_NAME)";
				PROVISIONING_PROFILE_SPECIFIER = "";
				TARGETED_DEVICE_FAMILY = 1;
			};
			name = Release;
		};
		82AFA8ED2578E0EB005E870B /* Debug */ = {
			isa = XCBuildConfiguration;
			buildSettings = {
				BUNDLE_LOADER = "$(TEST_HOST)";
				CODE_SIGN_STYLE = Automatic;
				INFOPLIST_FILE = TTTagsDemoTests/Info.plist;
				IPHONEOS_DEPLOYMENT_TARGET = 14.1;
				LD_RUNPATH_SEARCH_PATHS = (
					"$(inherited)",
					"@executable_path/Frameworks",
					"@loader_path/Frameworks",
				);
				PRODUCT_BUNDLE_IDENTIFIER = com.cn.TT.TTTagsDemoTests;
				PRODUCT_NAME = "$(TARGET_NAME)";
				TARGETED_DEVICE_FAMILY = "1,2";
				TEST_HOST = "$(BUILT_PRODUCTS_DIR)/TTTagsDemo.app/TTTagsDemo";
			};
			name = Debug;
		};
		82AFA8EE2578E0EB005E870B /* Release */ = {
			isa = XCBuildConfiguration;
			buildSettings = {
				BUNDLE_LOADER = "$(TEST_HOST)";
				CODE_SIGN_STYLE = Automatic;
				INFOPLIST_FILE = TTTagsDemoTests/Info.plist;
				IPHONEOS_DEPLOYMENT_TARGET = 14.1;
				LD_RUNPATH_SEARCH_PATHS = (
					"$(inherited)",
					"@executable_path/Frameworks",
					"@loader_path/Frameworks",
				);
				PRODUCT_BUNDLE_IDENTIFIER = com.cn.TT.TTTagsDemoTests;
				PRODUCT_NAME = "$(TARGET_NAME)";
				TARGETED_DEVICE_FAMILY = "1,2";
				TEST_HOST = "$(BUILT_PRODUCTS_DIR)/TTTagsDemo.app/TTTagsDemo";
			};
			name = Release;
		};
		82AFA8F02578E0EB005E870B /* Debug */ = {
			isa = XCBuildConfiguration;
			buildSettings = {
				CODE_SIGN_STYLE = Automatic;
				INFOPLIST_FILE = TTTagsDemoUITests/Info.plist;
				LD_RUNPATH_SEARCH_PATHS = (
					"$(inherited)",
					"@executable_path/Frameworks",
					"@loader_path/Frameworks",
				);
				PRODUCT_BUNDLE_IDENTIFIER = com.cn.TT.TTTagsDemoUITests;
				PRODUCT_NAME = "$(TARGET_NAME)";
				TARGETED_DEVICE_FAMILY = "1,2";
				TEST_TARGET_NAME = TTTagsDemo;
			};
			name = Debug;
		};
		82AFA8F12578E0EB005E870B /* Release */ = {
			isa = XCBuildConfiguration;
			buildSettings = {
				CODE_SIGN_STYLE = Automatic;
				INFOPLIST_FILE = TTTagsDemoUITests/Info.plist;
				LD_RUNPATH_SEARCH_PATHS = (
					"$(inherited)",
					"@executable_path/Frameworks",
					"@loader_path/Frameworks",
				);
				PRODUCT_BUNDLE_IDENTIFIER = com.cn.TT.TTTagsDemoUITests;
				PRODUCT_NAME = "$(TARGET_NAME)";
				TARGETED_DEVICE_FAMILY = "1,2";
				TEST_TARGET_NAME = TTTagsDemo;
			};
			name = Release;
		};
/* End XCBuildConfiguration section */

/* Begin XCConfigurationList section */
		82AFA8B52578E0E9005E870B /* Build configuration list for PBXProject "TTTagsDemo" */ = {
			isa = XCConfigurationList;
			buildConfigurations = (
				82AFA8E72578E0EB005E870B /* Debug */,
				82AFA8E82578E0EB005E870B /* Release */,
			);
			defaultConfigurationIsVisible = 0;
			defaultConfigurationName = Release;
		};
		82AFA8E92578E0EB005E870B /* Build configuration list for PBXNativeTarget "TTTagsDemo" */ = {
			isa = XCConfigurationList;
			buildConfigurations = (
				82AFA8EA2578E0EB005E870B /* Debug */,
				82AFA8EB2578E0EB005E870B /* Release */,
			);
			defaultConfigurationIsVisible = 0;
			defaultConfigurationName = Release;
		};
		82AFA8EC2578E0EB005E870B /* Build configuration list for PBXNativeTarget "TTTagsDemoTests" */ = {
			isa = XCConfigurationList;
			buildConfigurations = (
				82AFA8ED2578E0EB005E870B /* Debug */,
				82AFA8EE2578E0EB005E870B /* Release */,
			);
			defaultConfigurationIsVisible = 0;
			defaultConfigurationName = Release;
		};
		82AFA8EF2578E0EB005E870B /* Build configuration list for PBXNativeTarget "TTTagsDemoUITests" */ = {
			isa = XCConfigurationList;
			buildConfigurations = (
				82AFA8F02578E0EB005E870B /* Debug */,
				82AFA8F12578E0EB005E870B /* Release */,
			);
			defaultConfigurationIsVisible = 0;
			defaultConfigurationName = Release;
		};
/* End XCConfigurationList section */
	};
	rootObject = 82AFA8B22578E0E9005E870B /* Project object */;
}
